<?xml version="1.0" encoding="utf-8"?>
<Project ToolsVersion="4.0" xmlns="http://schemas.microsoft.com/developer/msbuild/2003">
  <ItemGroup>
    <Filter Include="Sources">
      <UniqueIdentifier>{8b7ed093-66ce-4096-96d2-fbb9faa4bf52}</UniqueIdentifier>
    </Filter>
    <Filter Include="Sources\Modules">
      <UniqueIdentifier>{7b418be2-1631-4a31-9ef2-8a8b234a7339}</UniqueIdentifier>
    </Filter>
    <Filter Include="Sources\Containers">
      <UniqueIdentifier>{afc36133-f401-499a-aa33-0da1e500fb52}</UniqueIdentifier>
    </Filter>
    <Filter Include="Sources\Tools">
      <UniqueIdentifier>{7e4dfaf7-022c-4f7d-92aa-f3b3fa9d6248}</UniqueIdentifier>
    </Filter>
    <Filter Include="Sources\Helpers">
      <UniqueIdentifier>{121f8e6b-df36-4ab0-be0d-601ddfc9e503}</UniqueIdentifier>
    </Filter>
    <Filter Include="Sources\Tools\Libs">
      <UniqueIdentifier>{0e1786ea-b40b-4baf-aa74-5049b232b0dd}</UniqueIdentifier>
    </Filter>
    <Filter Include="Sources\Tools\Libs\imgui">
      <UniqueIdentifier>{9cef3e6a-eafb-4827-b143-70cbaba104ca}</UniqueIdentifier>
    </Filter>
    <Filter Include="Sources\Tools\Math">
      <UniqueIdentifier>{31ae99c4-3643-40b3-9bab-adc61d09265d}</UniqueIdentifier>
    </Filter>
    <Filter Include="Sources\Tools\Math\Random">
      <UniqueIdentifier>{ffe9adc3-5595-45da-a50d-66ab94670489}</UniqueIdentifier>
    </Filter>
    <Filter Include="Sources\Tools\Libs\glew">
      <UniqueIdentifier>{286ea09d-b7e5-4316-9117-b5e2890a6bdc}</UniqueIdentifier>
    </Filter>
    <Filter Include="Sources\Tools\Libs\glfw">
      <UniqueIdentifier>{e5e63cf4-a495-4bcd-8a3a-6d59b4f83d58}</UniqueIdentifier>
    </Filter>
  </ItemGroup>
  <ItemGroup>
    <ClInclude Include="Module.h">
      <Filter>Sources\Modules</Filter>
    </ClInclude>
    <ClInclude Include="ModuleCamera3D.h">
      <Filter>Sources\Modules</Filter>
    </ClInclude>
    <ClInclude Include="ModuleInput.h">
      <Filter>Sources\Modules</Filter>
    </ClInclude>
    <ClInclude Include="ModuleWindow.h">
      <Filter>Sources\Modules</Filter>
    </ClInclude>
    <ClInclude Include="glmath.h">
      <Filter>Sources\Containers</Filter>
    </ClInclude>
    <ClInclude Include="Application.h">
      <Filter>Sources</Filter>
    </ClInclude>
    <ClInclude Include="Globals.h">
      <Filter>Sources</Filter>
    </ClInclude>
    <ClInclude Include="Color.h">
      <Filter>Sources\Containers</Filter>
    </ClInclude>
    <ClInclude Include="Timer.h">
      <Filter>Sources\Tools</Filter>
    </ClInclude>
    <ClInclude Include="imGUI\imconfig.h">
      <Filter>Sources\Tools\Libs\imgui</Filter>
    </ClInclude>
    <ClInclude Include="imGUI\imgui.h">
      <Filter>Sources\Tools\Libs\imgui</Filter>
    </ClInclude>
    <ClInclude Include="imGUI\imgui_internal.h">
      <Filter>Sources\Tools\Libs\imgui</Filter>
    </ClInclude>
    <ClInclude Include="imGUI\imstb_rectpack.h">
      <Filter>Sources\Tools\Libs\imgui</Filter>
    </ClInclude>
    <ClInclude Include="imGUI\imstb_textedit.h">
      <Filter>Sources\Tools\Libs\imgui</Filter>
    </ClInclude>
    <ClInclude Include="imGUI\imstb_truetype.h">
      <Filter>Sources\Tools\Libs\imgui</Filter>
    </ClInclude>
    <ClInclude Include="ModuleImgui.h">
      <Filter>Sources\Modules</Filter>
    </ClInclude>
    <ClInclude Include="imGUI\imgui_impl_opengl3.h">
      <Filter>Sources\Tools\Libs\imgui</Filter>
    </ClInclude>
    <ClInclude Include="imGUI\imgui_impl_sdl.h">
      <Filter>Sources\Tools\Libs\imgui</Filter>
    </ClInclude>
    <ClInclude Include="imGUI\imgui_impl_glfw.h">
      <Filter>Sources\Tools\Libs\imgui</Filter>
    </ClInclude>
    <ClInclude Include="pcg_extras.hpp">
      <Filter>Sources\Tools\Math\Random</Filter>
    </ClInclude>
    <ClInclude Include="pcg_random.hpp">
      <Filter>Sources\Tools\Math\Random</Filter>
    </ClInclude>
    <ClInclude Include="pcg_uint128.hpp">
      <Filter>Sources\Tools\Math\Random</Filter>
    </ClInclude>
    <ClInclude Include="MathGeoLib\MathBuildConfig.h">
      <Filter>Sources\Tools\Math</Filter>
    </ClInclude>
    <ClInclude Include="MathGeoLib\MathGeoLib.h">
      <Filter>Sources\Tools\Math</Filter>
    </ClInclude>
    <ClInclude Include="MathGeoLib\MathGeoLibFwd.h">
      <Filter>Sources\Tools\Math</Filter>
    </ClInclude>
    <ClInclude Include="imGUI\imgui_impl_opengl3_loader.h">
      <Filter>Sources\Tools\Libs\imgui</Filter>
    </ClInclude>
    <ClInclude Include="glew\GL\eglew.h">
      <Filter>Sources\Tools\Libs\glew</Filter>
    </ClInclude>
    <ClInclude Include="glew\GL\glew.h">
      <Filter>Sources\Tools\Libs\glew</Filter>
    </ClInclude>
    <ClInclude Include="glew\GL\glxew.h">
      <Filter>Sources\Tools\Libs\glew</Filter>
    </ClInclude>
    <ClInclude Include="glew\GL\wglew.h">
      <Filter>Sources\Tools\Libs\glew</Filter>
    </ClInclude>
    <ClInclude Include="glfw\include\GLFW\glfw3.h">
      <Filter>Sources\Tools\Libs\glfw</Filter>
    </ClInclude>
    <ClInclude Include="glfw\include\GLFW\glfw3native.h">
      <Filter>Sources\Tools\Libs\glfw</Filter>
    </ClInclude>
  </ItemGroup>
  <ItemGroup>
    <ClCompile Include="ModuleCamera3D.cpp">
      <Filter>Sources\Modules</Filter>
    </ClCompile>
    <ClCompile Include="ModuleInput.cpp">
      <Filter>Sources\Modules</Filter>
    </ClCompile>
    <ClCompile Include="ModuleWindow.cpp">
      <Filter>Sources\Modules</Filter>
    </ClCompile>
    <ClCompile Include="log.cpp">
      <Filter>Sources\Tools</Filter>
    </ClCompile>
    <ClCompile Include="Timer.cpp">
      <Filter>Sources\Tools</Filter>
    </ClCompile>
    <ClCompile Include="Application.cpp">
      <Filter>Sources</Filter>
    </ClCompile>
    <ClCompile Include="Main.cpp">
      <Filter>Sources</Filter>
    </ClCompile>
    <ClCompile Include="glmath.cpp">
      <Filter>Sources\Containers</Filter>
    </ClCompile>
    <ClCompile Include="Color.cpp">
      <Filter>Sources\Containers</Filter>
    </ClCompile>
    <ClCompile Include="imGUI\imgui.cpp">
      <Filter>Sources\Tools\Libs\imgui</Filter>
    </ClCompile>
    <ClCompile Include="imGUI\imgui_demo.cpp">
      <Filter>Sources\Tools\Libs\imgui</Filter>
    </ClCompile>
    <ClCompile Include="imGUI\imgui_draw.cpp">
      <Filter>Sources\Tools\Libs\imgui</Filter>
    </ClCompile>
    <ClCompile Include="imGUI\imgui_tables.cpp">
      <Filter>Sources\Tools\Libs\imgui</Filter>
    </ClCompile>
    <ClCompile Include="imGUI\imgui_widgets.cpp">
      <Filter>Sources\Tools\Libs\imgui</Filter>
    </ClCompile>
    <ClCompile Include="ModuleImgui.cpp">
      <Filter>Sources\Modules</Filter>
    </ClCompile>
    <ClCompile Include="imGUI\imgui_impl_opengl3.cpp">
      <Filter>Sources\Tools\Libs\imgui</Filter>
    </ClCompile>
    <ClCompile Include="imGUI\imgui_impl_sdl.cpp">
      <Filter>Sources\Tools\Libs\imgui</Filter>
    </ClCompile>
    <ClCompile Include="imGUI\imgui_impl_glfw.cpp">
      <Filter>Sources\Tools\Libs\imgui</Filter>
    </ClCompile>
  </ItemGroup>
</Project>